{
  "lockfileVersion": 1,
  "configVersion": 1,
  "workspaces": {
    "": {
      "name": "@mercury/sdk",
      "dependencies": {
        "capnp-es": "^0.0.14",
      },
      "devDependencies": {
        "bun-types": "^1.3.9",
        "typescript": "^5.7",
      },
    },
  },
  "packages": {
    "@types/node": ["@types/node@25.2.3", "", { "dependencies": { "undici-types": "~7.16.0" } }, "sha512-m0jEgYlYz+mDJZ2+F4v8D1AyQb+QzsNqRuI7xg1VQX/KlKS0qT9r1Mo16yo5F/MtifXFgaofIFsdFMox2SxIbQ=="],

    "bun-types": ["bun-types@1.3.9", "", { "dependencies": { "@types/node": "*" } }, "sha512-+UBWWOakIP4Tswh0Bt0QD0alpTY8cb5hvgiYeWCMet9YukHbzuruIEeXC2D7nMJPB12kbh8C7XJykSexEqGKJg=="],

    "capnp-es": ["capnp-es@0.0.14", "", { "peerDependencies": { "typescript": "^5.7.3" }, "optionalPeers": ["typescript"], "bin": { "capnp-es": "dist/compiler/capnpc-js.mjs", "capnpc-js": "dist/compiler/capnpc-js.mjs", "capnpc-dts": "dist/compiler/capnpc-dts.mjs", "capnpc-ts": "dist/compiler/capnpc-ts.mjs" } }, "sha512-8lWj4GJISiqRSlAJGkWpI4Azib7QY5UDIkqxeHcI7aAnXVk9SFuWxl1Fme+2HhzNANV0WTJqwUZvvXvloc3sBA=="],

    "typescript": ["typescript@5.9.3", "", { "bin": { "tsc": "bin/tsc", "tsserver": "bin/tsserver" } }, "sha512-jl1vZzPDinLr9eUt3J/t7V6FgNEw9QjvBPdysz9KfQDD41fQrC2Y4vKQdiaUpFT4bXlb1RHhLpp8wtm6M5TgSw=="],

    "undici-types": ["undici-types@7.16.0", "", {}, "sha512-Zz+aZWSj8LE6zoxD+xrjh4VfkIG8Ya6LvYkZqtUQGJPZjYl53ypCaUwWqo7eI0x66KBGeRo+mlBEkMSeSZ38Nw=="],
  }
}
